
Microsoft Visual Studio Solution File, Format Version 12.00
# Visual Studio 15
VisualStudioVersion = 15.0.27428.2015
MinimumVisualStudioVersion = 10.0.40219.1
Project("{FAE04EC0-301F-11D3-BF4B-00C04F79EFBC}") = "RomanNumerals", "RomanNumerals\RomanNumerals.csproj", "{87479EF3-CB01-4877-9F78-296D8862C480}"
EndProject
Global
	GlobalSection(SolutionConfigurationPlatforms) = preSolution
		Debug|Any CPU = Debug|Any CPU
		Release|Any CPU = Release|Any CPU
	EndGlobalSection
	GlobalSection(ProjectConfigurationPlatforms) = postSolution
		{87479EF3-CB01-4877-9F78-296D8862C480}.Debug|Any CPU.ActiveCfg = Debug|Any CPU
		{87479EF3-CB01-4877-9F78-296D8862C480}.Debug|Any CPU.Build.0 = Debug|Any CPU
		{87479EF3-CB01-4877-9F78-296D8862C480}.Release|Any CPU.ActiveCfg = Release|Any CPU
		{87479EF3-CB01-4877-9F78-296D8862C480}.Release|Any CPU.Build.0 = Release|Any CPU
	EndGlobalSection
	GlobalSection(SolutionProperties) = preSolution
		HideSolutionNode = FALSE
	EndGlobalSection
	GlobalSection(ExtensibilityGlobals) = postSolution
		SolutionGuid = {212650CE-605A-4D57-A122-D456BF2BD943}
	EndGlobalSection
EndGlobal
